
Microsoft Visual Studio Solution File, Format Version 12.00
# Visual Studio Version 17
VisualStudioVersion = 17.4.33122.133
MinimumVisualStudioVersion = 10.0.40219.1
Project("{FAE04EC0-301F-11D3-BF4B-00C04F79EFBC}") = "ElasticCollectionsFilter", "ElasticCollectionsFilter\ElasticCollectionsFilter.csproj", "{7C079A28-23AC-4B76-867E-F25246C2D5FA}"
EndProject
Global
	GlobalSection(SolutionConfigurationPlatforms) = preSolution
		Debug|Any CPU = Debug|Any CPU
		Release|Any CPU = Release|Any CPU
	EndGlobalSection
	GlobalSection(ProjectConfigurationPlatforms) = postSolution
		{7C079A28-23AC-4B76-867E-F25246C2D5FA}.Debug|Any CPU.ActiveCfg = Debug|Any CPU
		{7C079A28-23AC-4B76-867E-F25246C2D5FA}.Debug|Any CPU.Build.0 = Debug|Any CPU
		{7C079A28-23AC-4B76-867E-F25246C2D5FA}.Release|Any CPU.ActiveCfg = Release|Any CPU
		{7C079A28-23AC-4B76-867E-F25246C2D5FA}.Release|Any CPU.Build.0 = Release|Any CPU
	EndGlobalSection
	GlobalSection(SolutionProperties) = preSolution
		HideSolutionNode = FALSE
	EndGlobalSection
	GlobalSection(ExtensibilityGlobals) = postSolution
		SolutionGuid = {572AF26B-385F-496D-BDED-552EFCD0194F}
	EndGlobalSection
EndGlobal
